
Microsoft Visual Studio Solution File, Format Version 12.00
# Visual Studio Version 16
VisualStudioVersion = 16.0.32106.194
MinimumVisualStudioVersion = 10.0.40219.1
Project("{9A19103F-16F7-4668-BE54-9A1E7A4F7556}") = "JoshsTestApp", "JoshsTestApp.csproj", "{8072FAAE-0CED-48D4-B57D-2199DA8D8A82}"
EndProject
Project("{2150E333-8FDC-42A3-9474-1A3956D46DE8}") = "Solution Items", "Solution Items", "{E7998D6D-CC1E-4B46-A217-F880226F0E09}"
	ProjectSection(SolutionItems) = preProject
		.editorconfig = .editorconfig
	EndProjectSection
EndProject
Global
	GlobalSection(SolutionConfigurationPlatforms) = preSolution
		Debug|Any CPU = Debug|Any CPU
		Release|Any CPU = Release|Any CPU
	EndGlobalSection
	GlobalSection(ProjectConfigurationPlatforms) = postSolution
		{8072FAAE-0CED-48D4-B57D-2199DA8D8A82}.Debug|Any CPU.ActiveCfg = Debug|Any CPU
		{8072FAAE-0CED-48D4-B57D-2199DA8D8A82}.Debug|Any CPU.Build.0 = Debug|Any CPU
		{8072FAAE-0CED-48D4-B57D-2199DA8D8A82}.Release|Any CPU.ActiveCfg = Release|Any CPU
		{8072FAAE-0CED-48D4-B57D-2199DA8D8A82}.Release|Any CPU.Build.0 = Release|Any CPU
	EndGlobalSection
	GlobalSection(SolutionProperties) = preSolution
		HideSolutionNode = FALSE
	EndGlobalSection
	GlobalSection(ExtensibilityGlobals) = postSolution
		SolutionGuid = {108430BB-427F-4656-AA2F-0B72F66A49E8}
	EndGlobalSection
EndGlobal
